
Microsoft Visual Studio Solution File, Format Version 12.00
# Visual Studio 2013
VisualStudioVersion = 12.0.21005.1
MinimumVisualStudioVersion = 10.0.40219.1
Project("{FAE04EC0-301F-11D3-BF4B-00C04F79EFBC}") = "ConnectivityProblem", "ConnectivityProblem.csproj", "{798A03BA-22FB-467A-B1FC-80503ACCFB75}"
EndProject
Project("{FAE04EC0-301F-11D3-BF4B-00C04F79EFBC}") = "ColorImage", "..\ColorImage\ColorImage.csproj", "{6AF949E3-649B-4FAE-BF37-96C86E8F9C5D}"
EndProject
Project("{FAE04EC0-301F-11D3-BF4B-00C04F79EFBC}") = "ConnectivityProblemTests", "..\ConnectivityProblemTests\ConnectivityProblemTests.csproj", "{9C976578-A59C-48B3-BD59-DBCBD5ABA999}"
EndProject
Global
	GlobalSection(SolutionConfigurationPlatforms) = preSolution
		Debug|Any CPU = Debug|Any CPU
		Release|Any CPU = Release|Any CPU
	EndGlobalSection
	GlobalSection(ProjectConfigurationPlatforms) = postSolution
		{798A03BA-22FB-467A-B1FC-80503ACCFB75}.Debug|Any CPU.ActiveCfg = Debug|Any CPU
		{798A03BA-22FB-467A-B1FC-80503ACCFB75}.Debug|Any CPU.Build.0 = Debug|Any CPU
		{798A03BA-22FB-467A-B1FC-80503ACCFB75}.Release|Any CPU.ActiveCfg = Release|Any CPU
		{798A03BA-22FB-467A-B1FC-80503ACCFB75}.Release|Any CPU.Build.0 = Release|Any CPU
		{6AF949E3-649B-4FAE-BF37-96C86E8F9C5D}.Debug|Any CPU.ActiveCfg = Debug|Any CPU
		{6AF949E3-649B-4FAE-BF37-96C86E8F9C5D}.Debug|Any CPU.Build.0 = Debug|Any CPU
		{6AF949E3-649B-4FAE-BF37-96C86E8F9C5D}.Release|Any CPU.ActiveCfg = Release|Any CPU
		{6AF949E3-649B-4FAE-BF37-96C86E8F9C5D}.Release|Any CPU.Build.0 = Release|Any CPU
		{9C976578-A59C-48B3-BD59-DBCBD5ABA999}.Debug|Any CPU.ActiveCfg = Debug|Any CPU
		{9C976578-A59C-48B3-BD59-DBCBD5ABA999}.Debug|Any CPU.Build.0 = Debug|Any CPU
		{9C976578-A59C-48B3-BD59-DBCBD5ABA999}.Release|Any CPU.ActiveCfg = Release|Any CPU
		{9C976578-A59C-48B3-BD59-DBCBD5ABA999}.Release|Any CPU.Build.0 = Release|Any CPU
	EndGlobalSection
	GlobalSection(SolutionProperties) = preSolution
		HideSolutionNode = FALSE
	EndGlobalSection
EndGlobal
